
Microsoft Visual Studio Solution File, Format Version 12.00
# Visual Studio Version 17
VisualStudioVersion = 17.13.35825.156
MinimumVisualStudioVersion = 10.0.40219.1
Project("{FAE04EC0-301F-11D3-BF4B-00C04F79EFBC}") = "搞机助手Ex", "搞机助手Ex\搞机助手Ex.csproj", "{5E87F621-F5F5-4CB5-B9F1-BFE443E0A023}"
EndProject
Project("{FAE04EC0-301F-11D3-BF4B-00C04F79EFBC}") = "测试", "测试\测试.csproj", "{3297D929-9E28-4E9A-8EF0-2C331040299B}"
EndProject
Project("{FAE04EC0-301F-11D3-BF4B-00C04F79EFBC}") = "Gnirehtet", "Gnirehtet\Gnirehtet.csproj", "{7FBFB393-E658-48DA-B6A0-0124F591FE2E}"
EndProject
Global
	GlobalSection(SolutionConfigurationPlatforms) = preSolution
		Debug|Any CPU = Debug|Any CPU
		Release|Any CPU = Release|Any CPU
	EndGlobalSection
	GlobalSection(ProjectConfigurationPlatforms) = postSolution
		{5E87F621-F5F5-4CB5-B9F1-BFE443E0A023}.Debug|Any CPU.ActiveCfg = Debug|Any CPU
		{5E87F621-F5F5-4CB5-B9F1-BFE443E0A023}.Debug|Any CPU.Build.0 = Debug|Any CPU
		{5E87F621-F5F5-4CB5-B9F1-BFE443E0A023}.Release|Any CPU.ActiveCfg = Release|Any CPU
		{5E87F621-F5F5-4CB5-B9F1-BFE443E0A023}.Release|Any CPU.Build.0 = Release|Any CPU
		{3297D929-9E28-4E9A-8EF0-2C331040299B}.Debug|Any CPU.ActiveCfg = Debug|Any CPU
		{3297D929-9E28-4E9A-8EF0-2C331040299B}.Debug|Any CPU.Build.0 = Debug|Any CPU
		{3297D929-9E28-4E9A-8EF0-2C331040299B}.Release|Any CPU.ActiveCfg = Release|Any CPU
		{3297D929-9E28-4E9A-8EF0-2C331040299B}.Release|Any CPU.Build.0 = Release|Any CPU
		{7FBFB393-E658-48DA-B6A0-0124F591FE2E}.Debug|Any CPU.ActiveCfg = Debug|Any CPU
		{7FBFB393-E658-48DA-B6A0-0124F591FE2E}.Debug|Any CPU.Build.0 = Debug|Any CPU
		{7FBFB393-E658-48DA-B6A0-0124F591FE2E}.Release|Any CPU.ActiveCfg = Release|Any CPU
		{7FBFB393-E658-48DA-B6A0-0124F591FE2E}.Release|Any CPU.Build.0 = Release|Any CPU
	EndGlobalSection
	GlobalSection(SolutionProperties) = preSolution
		HideSolutionNode = FALSE
	EndGlobalSection
	GlobalSection(ExtensibilityGlobals) = postSolution
		SolutionGuid = {10A4FD8C-A526-4D64-967E-8E4118DDC9B9}
	EndGlobalSection
EndGlobal
